<?xml version="1.0" encoding="UTF-8" standalone="yes" ?>
<CodeBlocks_project_file>
	<FileVersion major="1" minor="6" />
	<Project>
		<Option title="Snake" />
		<Option pch_mode="2" />
		<Option compiler="gcc" />
		<Build>
			<Target title="Release">
				<Option output="bin/Snake" prefix_auto="1" extension_auto="1" />
				<Option object_output="obj/" />
				<Option type="0" />
				<Option compiler="gcc" />
				<Compiler>
					<Add option="-O2" />
				</Compiler>
				<Linker>
					<Add option="-s" />
					<Add library="SDL" />
					<Add library="SDL_gfx" />
				</Linker>
			</Target>
		</Build>
		<Compiler>
			<Add option="`sdl-config --cflags`" />
			<Add option="-Wall" />
		</Compiler>
		<Linker>
			<Add option="`sdl-config --libs`" />
		</Linker>
		<Unit filename="apple.bmp" />
		<Unit filename="cb.bmp" />
		<Unit filename="gameover.bmp" />
		<Unit filename="icon.bmp" />
		<Unit filename="snake.cpp" />
		<Extensions>
			<envvars />
			<code_completion />
			<debugger />
			<lib_finder disable_auto="1" />
		</Extensions>
	</Project>
</CodeBlocks_project_file>
